// !$*UTF8*$!
{
	archiveVersion = 1;
	classes = {
	};
	objectVersion = 50;
	objects = {

/* Begin PBXBuildFile section */
		0347E6C2246FF3C900F0DFB4 /* BrewRecord.swift in Sources */ = {isa = PBXBuildFile; fileRef = 0347E6C1246FF3C900F0DFB4 /* BrewRecord.swift */; };
		03DA486A246D351F004C5530 /* AppDelegate.swift in Sources */ = {isa = PBXBuildFile; fileRef = 03DA4869246D351F004C5530 /* AppDelegate.swift */; };
		03DA486C246D351F004C5530 /* SceneDelegate.swift in Sources */ = {isa = PBXBuildFile; fileRef = 03DA486B246D351F004C5530 /* SceneDelegate.swift */; };
		03DA486E246D351F004C5530 /* ContentView.swift in Sources */ = {isa = PBXBuildFile; fileRef = 03DA486D246D351F004C5530 /* ContentView.swift */; };
		03DA4870246D3521004C5530 /* Assets.xcassets in Resources */ = {isa = PBXBuildFile; fileRef = 03DA486F246D3521004C5530 /* Assets.xcassets */; };
		03DA4873246D3521004C5530 /* Preview Assets.xcassets in Resources */ = {isa = PBXBuildFile; fileRef = 03DA4872246D3521004C5530 /* Preview Assets.xcassets */; };
		03DA4876246D3521004C5530 /* LaunchScreen.storyboard in Resources */ = {isa = PBXBuildFile; fileRef = 03DA4874246D3521004C5530 /* LaunchScreen.storyboard */; };
		03DA4881246D3521004C5530 /* TestingTests.swift in Sources */ = {isa = PBXBuildFile; fileRef = 03DA4880246D3521004C5530 /* TestingTests.swift */; };
		03DA488C246D3521004C5530 /* TestingUITests.swift in Sources */ = {isa = PBXBuildFile; fileRef = 03DA488B246D3521004C5530 /* TestingUITests.swift */; };
		03DA489A246D67ED004C5530 /* BrewView.swift in Sources */ = {isa = PBXBuildFile; fileRef = 03DA4899246D67ED004C5530 /* BrewView.swift */; };
		03DA489C246D6893004C5530 /* CoffeeView.swift in Sources */ = {isa = PBXBuildFile; fileRef = 03DA489B246D6893004C5530 /* CoffeeView.swift */; };
		03E7B75F246E74410091AD47 /* Default-568h@2x.png in Resources */ = {isa = PBXBuildFile; fileRef = 03E7B75E246E74410091AD47 /* Default-568h@2x.png */; };
/* End PBXBuildFile section */

/* Begin PBXContainerItemProxy section */
		03DA487D246D3521004C5530 /* PBXContainerItemProxy */ = {
			isa = PBXContainerItemProxy;
			containerPortal = 03DA485E246D351F004C5530 /* Project object */;
			proxyType = 1;
			remoteGlobalIDString = 03DA4865246D351F004C5530;
			remoteInfo = Testing;
		};
		03DA4888246D3521004C5530 /* PBXContainerItemProxy */ = {
			isa = PBXContainerItemProxy;
			containerPortal = 03DA485E246D351F004C5530 /* Project object */;
			proxyType = 1;
			remoteGlobalIDString = 03DA4865246D351F004C5530;
			remoteInfo = Testing;
		};
/* End PBXContainerItemProxy section */

/* Begin PBXFileReference section */
		0347E6C1246FF3C900F0DFB4 /* BrewRecord.swift */ = {isa = PBXFileReference; lastKnownFileType = sourcecode.swift; path = BrewRecord.swift; sourceTree = "<group>"; };
		03DA4866246D351F004C5530 /* CoffeeApp.app */ = {isa = PBXFileReference; explicitFileType = wrapper.application; includeInIndex = 0; path = CoffeeApp.app; sourceTree = BUILT_PRODUCTS_DIR; };
		03DA4869246D351F004C5530 /* AppDelegate.swift */ = {isa = PBXFileReference; lastKnownFileType = sourcecode.swift; path = AppDelegate.swift; sourceTree = "<group>"; };
		03DA486B246D351F004C5530 /* SceneDelegate.swift */ = {isa = PBXFileReference; lastKnownFileType = sourcecode.swift; path = SceneDelegate.swift; sourceTree = "<group>"; };
		03DA486D246D351F004C5530 /* ContentView.swift */ = {isa = PBXFileReference; lastKnownFileType = sourcecode.swift; path = ContentView.swift; sourceTree = "<group>"; };
		03DA486F246D3521004C5530 /* Assets.xcassets */ = {isa = PBXFileReference; lastKnownFileType = folder.assetcatalog; path = Assets.xcassets; sourceTree = "<group>"; };
		03DA4872246D3521004C5530 /* Preview Assets.xcassets */ = {isa = PBXFileReference; lastKnownFileType = folder.assetcatalog; path = "Preview Assets.xcassets"; sourceTree = "<group>"; };
		03DA4875246D3521004C5530 /* Base */ = {isa = PBXFileReference; lastKnownFileType = file.storyboard; name = Base; path = Base.lproj/LaunchScreen.storyboard; sourceTree = "<group>"; };
		03DA4877246D3521004C5530 /* Info.plist */ = {isa = PBXFileReference; lastKnownFileType = text.plist.xml; path = Info.plist; sourceTree = "<group>"; };
		03DA487C246D3521004C5530 /* CoffeeAppTests.xctest */ = {isa = PBXFileReference; explicitFileType = wrapper.cfbundle; includeInIndex = 0; path = CoffeeAppTests.xctest; sourceTree = BUILT_PRODUCTS_DIR; };
		03DA4880246D3521004C5530 /* TestingTests.swift */ = {isa = PBXFileReference; lastKnownFileType = sourcecode.swift; path = TestingTests.swift; sourceTree = "<group>"; };
		03DA4882246D3521004C5530 /* Info.plist */ = {isa = PBXFileReference; lastKnownFileType = text.plist.xml; path = Info.plist; sourceTree = "<group>"; };
		03DA4887246D3521004C5530 /* CoffeeAppUITests.xctest */ = {isa = PBXFileReference; explicitFileType = wrapper.cfbundle; includeInIndex = 0; path = CoffeeAppUITests.xctest; sourceTree = BUILT_PRODUCTS_DIR; };
		03DA488B246D3521004C5530 /* TestingUITests.swift */ = {isa = PBXFileReference; lastKnownFileType = sourcecode.swift; path = TestingUITests.swift; sourceTree = "<group>"; };
		03DA488D246D3521004C5530 /* Info.plist */ = {isa = PBXFileReference; lastKnownFileType = text.plist.xml; path = Info.plist; sourceTree = "<group>"; };
		03DA4899246D67ED004C5530 /* BrewView.swift */ = {isa = PBXFileReference; lastKnownFileType = sourcecode.swift; path = BrewView.swift; sourceTree = "<group>"; };
		03DA489B246D6893004C5530 /* CoffeeView.swift */ = {isa = PBXFileReference; lastKnownFileType = sourcecode.swift; path = CoffeeView.swift; sourceTree = "<group>"; };
		03E7B75E246E74410091AD47 /* Default-568h@2x.png */ = {isa = PBXFileReference; lastKnownFileType = image.png; path = "Default-568h@2x.png"; sourceTree = "<group>"; };
/* End PBXFileReference section */

/* Begin PBXFrameworksBuildPhase section */
		03DA4863246D351F004C5530 /* Frameworks */ = {
			isa = PBXFrameworksBuildPhase;
			buildActionMask = 2147483647;
			files = (
			);
			runOnlyForDeploymentPostprocessing = 0;
		};
		03DA4879246D3521004C5530 /* Frameworks */ = {
			isa = PBXFrameworksBuildPhase;
			buildActionMask = 2147483647;
			files = (
			);
			runOnlyForDeploymentPostprocessing = 0;
		};
		03DA4884246D3521004C5530 /* Frameworks */ = {
			isa = PBXFrameworksBuildPhase;
			buildActionMask = 2147483647;
			files = (
			);
			runOnlyForDeploymentPostprocessing = 0;
		};
/* End PBXFrameworksBuildPhase section */

/* Begin PBXGroup section */
		03DA485D246D351F004C5530 = {
			isa = PBXGroup;
			children = (
				03E7B75E246E74410091AD47 /* Default-568h@2x.png */,
				03DA4868246D351F004C5530 /* CoffeeApp */,
				03DA487F246D3521004C5530 /* CoffeeAppTests */,
				03DA488A246D3521004C5530 /* CoffeeAppUITests */,
				03DA4867246D351F004C5530 /* Products */,
			);
			sourceTree = "<group>";
		};
		03DA4867246D351F004C5530 /* Products */ = {
			isa = PBXGroup;
			children = (
				03DA4866246D351F004C5530 /* CoffeeApp.app */,
				03DA487C246D3521004C5530 /* CoffeeAppTests.xctest */,
				03DA4887246D3521004C5530 /* CoffeeAppUITests.xctest */,
			);
			name = Products;
			sourceTree = "<group>";
		};
		03DA4868246D351F004C5530 /* CoffeeApp */ = {
			isa = PBXGroup;
			children = (
				03DA4869246D351F004C5530 /* AppDelegate.swift */,
				03DA486B246D351F004C5530 /* SceneDelegate.swift */,
				03DA486F246D3521004C5530 /* Assets.xcassets */,
				03DA4874246D3521004C5530 /* LaunchScreen.storyboard */,
				03DA4877246D3521004C5530 /* Info.plist */,
				03DA4871246D3521004C5530 /* Preview Content */,
				03DA4899246D67ED004C5530 /* BrewView.swift */,
				03DA486D246D351F004C5530 /* ContentView.swift */,
				03DA489B246D6893004C5530 /* CoffeeView.swift */,
				0347E6C1246FF3C900F0DFB4 /* BrewRecord.swift */,
			);
			path = CoffeeApp;
			sourceTree = "<group>";
		};
		03DA4871246D3521004C5530 /* Preview Content */ = {
			isa = PBXGroup;
			children = (
				03DA4872246D3521004C5530 /* Preview Assets.xcassets */,
			);
			path = "Preview Content";
			sourceTree = "<group>";
		};
		03DA487F246D3521004C5530 /* CoffeeAppTests */ = {
			isa = PBXGroup;
			children = (
				03DA4880246D3521004C5530 /* TestingTests.swift */,
				03DA4882246D3521004C5530 /* Info.plist */,
			);
			path = CoffeeAppTests;
			sourceTree = "<group>";
		};
		03DA488A246D3521004C5530 /* CoffeeAppUITests */ = {
			isa = PBXGroup;
			children = (
				03DA488B246D3521004C5530 /* TestingUITests.swift */,
				03DA488D246D3521004C5530 /* Info.plist */,
			);
			path = CoffeeAppUITests;
			sourceTree = "<group>";
		};
/* End PBXGroup section */

/* Begin PBXNativeTarget section */
		03DA4865246D351F004C5530 /* CoffeeApp */ = {
			isa = PBXNativeTarget;
			buildConfigurationList = 03DA4890246D3521004C5530 /* Build configuration list for PBXNativeTarget "CoffeeApp" */;
			buildPhases = (
				03DA4862246D351F004C5530 /* Sources */,
				03DA4863246D351F004C5530 /* Frameworks */,
				03DA4864246D351F004C5530 /* Resources */,
			);
			buildRules = (
			);
			dependencies = (
			);
			name = CoffeeApp;
			productName = Testing;
			productReference = 03DA4866246D351F004C5530 /* CoffeeApp.app */;
			productType = "com.apple.product-type.application";
		};
		03DA487B246D3521004C5530 /* CoffeeAppTests */ = {
			isa = PBXNativeTarget;
			buildConfigurationList = 03DA4893246D3521004C5530 /* Build configuration list for PBXNativeTarget "CoffeeAppTests" */;
			buildPhases = (
				03DA4878246D3521004C5530 /* Sources */,
				03DA4879246D3521004C5530 /* Frameworks */,
				03DA487A246D3521004C5530 /* Resources */,
			);
			buildRules = (
			);
			dependencies = (
				03DA487E246D3521004C5530 /* PBXTargetDependency */,
			);
			name = CoffeeAppTests;
			productName = TestingTests;
			productReference = 03DA487C246D3521004C5530 /* CoffeeAppTests.xctest */;
			productType = "com.apple.product-type.bundle.unit-test";
		};
		03DA4886246D3521004C5530 /* CoffeeAppUITests */ = {
			isa = PBXNativeTarget;
			buildConfigurationList = 03DA4896246D3521004C5530 /* Build configuration list for PBXNativeTarget "CoffeeAppUITests" */;
			buildPhases = (
				03DA4883246D3521004C5530 /* Sources */,
				03DA4884246D3521004C5530 /* Frameworks */,
				03DA4885246D3521004C5530 /* Resources */,
			);
			buildRules = (
			);
			dependencies = (
				03DA4889246D3521004C5530 /* PBXTargetDependency */,
			);
			name = CoffeeAppUITests;
			productName = TestingUITests;
			productReference = 03DA4887246D3521004C5530 /* CoffeeAppUITests.xctest */;
			productType = "com.apple.product-type.bundle.ui-testing";
		};
/* End PBXNativeTarget section */

/* Begin PBXProject section */
		03DA485E246D351F004C5530 /* Project object */ = {
			isa = PBXProject;
			attributes = {
				LastSwiftUpdateCheck = 1140;
				LastUpgradeCheck = 1140;
				ORGANIZATIONNAME = "Joshua Tan";
				TargetAttributes = {
					03DA4865246D351F004C5530 = {
						CreatedOnToolsVersion = 11.4.1;
					};
					03DA487B246D3521004C5530 = {
						CreatedOnToolsVersion = 11.4.1;
						TestTargetID = 03DA4865246D351F004C5530;
					};
					03DA4886246D3521004C5530 = {
						CreatedOnToolsVersion = 11.4.1;
						TestTargetID = 03DA4865246D351F004C5530;
					};
				};
			};
			buildConfigurationList = 03DA4861246D351F004C5530 /* Build configuration list for PBXProject "CoffeeApp" */;
			compatibilityVersion = "Xcode 9.3";
			developmentRegion = en;
			hasScannedForEncodings = 0;
			knownRegions = (
				en,
				Base,
			);
			mainGroup = 03DA485D246D351F004C5530;
			productRefGroup = 03DA4867246D351F004C5530 /* Products */;
			projectDirPath = "";
			projectRoot = "";
			targets = (
				03DA4865246D351F004C5530 /* CoffeeApp */,
				03DA487B246D3521004C5530 /* CoffeeAppTests */,
				03DA4886246D3521004C5530 /* CoffeeAppUITests */,
			);
		};
/* End PBXProject section */

/* Begin PBXResourcesBuildPhase section */
		03DA4864246D351F004C5530 /* Resources */ = {
			isa = PBXResourcesBuildPhase;
			buildActionMask = 2147483647;
			files = (
				03DA4876246D3521004C5530 /* LaunchScreen.storyboard in Resources */,
				03E7B75F246E74410091AD47 /* Default-568h@2x.png in Resources */,
				03DA4873246D3521004C5530 /* Preview Assets.xcassets in Resources */,
				03DA4870246D3521004C5530 /* Assets.xcassets in Resources */,
			);
			runOnlyForDeploymentPostprocessing = 0;
		};
		03DA487A246D3521004C5530 /* Resources */ = {
			isa = PBXResourcesBuildPhase;
			buildActionMask = 2147483647;
			files = (
			);
			runOnlyForDeploymentPostprocessing = 0;
		};
		03DA4885246D3521004C5530 /* Resources */ = {
			isa = PBXResourcesBuildPhase;
			buildActionMask = 2147483647;
			files = (
			);
			runOnlyForDeploymentPostprocessing = 0;
		};
/* End PBXResourcesBuildPhase section */

/* Begin PBXSourcesBuildPhase section */
		03DA4862246D351F004C5530 /* Sources */ = {
			isa = PBXSourcesBuildPhase;
			buildActionMask = 2147483647;
			files = (
				0347E6C2246FF3C900F0DFB4 /* BrewRecord.swift in Sources */,
				03DA489A246D67ED004C5530 /* BrewView.swift in Sources */,
				03DA486A246D351F004C5530 /* AppDelegate.swift in Sources */,
				03DA486C246D351F004C5530 /* SceneDelegate.swift in Sources */,
				03DA486E246D351F004C5530 /* ContentView.swift in Sources */,
				03DA489C246D6893004C5530 /* CoffeeView.swift in Sources */,
			);
			runOnlyForDeploymentPostprocessing = 0;
		};
		03DA4878246D3521004C5530 /* Sources */ = {
			isa = PBXSourcesBuildPhase;
			buildActionMask = 2147483647;
			files = (
				03DA4881246D3521004C5530 /* TestingTests.swift in Sources */,
			);
			runOnlyForDeploymentPostprocessing = 0;
		};
		03DA4883246D3521004C5530 /* Sources */ = {
			isa = PBXSourcesBuildPhase;
			buildActionMask = 2147483647;
			files = (
				03DA488C246D3521004C5530 /* TestingUITests.swift in Sources */,
			);
			runOnlyForDeploymentPostprocessing = 0;
		};
/* End PBXSourcesBuildPhase section */

/* Begin PBXTargetDependency section */
		03DA487E246D3521004C5530 /* PBXTargetDependency */ = {
			isa = PBXTargetDependency;
			target = 03DA4865246D351F004C5530 /* CoffeeApp */;
			targetProxy = 03DA487D246D3521004C5530 /* PBXContainerItemProxy */;
		};
		03DA4889246D3521004C5530 /* PBXTargetDependency */ = {
			isa = PBXTargetDependency;
			target = 03DA4865246D351F004C5530 /* CoffeeApp */;
			targetProxy = 03DA4888246D3521004C5530 /* PBXContainerItemProxy */;
		};
/* End PBXTargetDependency section */

/* Begin PBXVariantGroup section */
		03DA4874246D3521004C5530 /* LaunchScreen.storyboard */ = {
			isa = PBXVariantGroup;
			children = (
				03DA4875246D3521004C5530 /* Base */,
			);
			name = LaunchScreen.storyboard;
			sourceTree = "<group>";
		};
/* End PBXVariantGroup section */

/* Begin XCBuildConfiguration section */
		03DA488E246D3521004C5530 /* Debug */ = {
			isa = XCBuildConfiguration;
			buildSettings = {
				ALWAYS_SEARCH_USER_PATHS = NO;
				CLANG_ANALYZER_NONNULL = YES;
				CLANG_ANALYZER_NUMBER_OBJECT_CONVERSION = YES_AGGRESSIVE;
				CLANG_CXX_LANGUAGE_STANDARD = "gnu++14";
				CLANG_CXX_LIBRARY = "libc++";
				CLANG_ENABLE_MODULES = YES;
				CLANG_ENABLE_OBJC_ARC = YES;
				CLANG_ENABLE_OBJC_WEAK = YES;
				CLANG_WARN_BLOCK_CAPTURE_AUTORELEASING = YES;
				CLANG_WARN_BOOL_CONVERSION = YES;
				CLANG_WARN_COMMA = YES;
				CLANG_WARN_CONSTANT_CONVERSION = YES;
				CLANG_WARN_DEPRECATED_OBJC_IMPLEMENTATIONS = YES;
				CLANG_WARN_DIRECT_OBJC_ISA_USAGE = YES_ERROR;
				CLANG_WARN_DOCUMENTATION_COMMENTS = YES;
				CLANG_WARN_EMPTY_BODY = YES;
				CLANG_WARN_ENUM_CONVERSION = YES;
				CLANG_WARN_INFINITE_RECURSION = YES;
				CLANG_WARN_INT_CONVERSION = YES;
				CLANG_WARN_NON_LITERAL_NULL_CONVERSION = YES;
				CLANG_WARN_OBJC_IMPLICIT_RETAIN_SELF = YES;
				CLANG_WARN_OBJC_LITERAL_CONVERSION = YES;
				CLANG_WARN_OBJC_ROOT_CLASS = YES_ERROR;
				CLANG_WARN_RANGE_LOOP_ANALYSIS = YES;
				CLANG_WARN_STRICT_PROTOTYPES = YES;
				CLANG_WARN_SUSPICIOUS_MOVE = YES;
				CLANG_WARN_UNGUARDED_AVAILABILITY = YES_AGGRESSIVE;
				CLANG_WARN_UNREACHABLE_CODE = YES;
				CLANG_WARN__DUPLICATE_METHOD_MATCH = YES;
				COPY_PHASE_STRIP = NO;
				DEBUG_INFORMATION_FORMAT = dwarf;
				ENABLE_STRICT_OBJC_MSGSEND = YES;
				ENABLE_TESTABILITY = YES;
				GCC_C_LANGUAGE_STANDARD = gnu11;
				GCC_DYNAMIC_NO_PIC = NO;
				GCC_NO_COMMON_BLOCKS = YES;
				GCC_OPTIMIZATION_LEVEL = 0;
				GCC_PREPROCESSOR_DEFINITIONS = (
					"DEBUG=1",
					"$(inherited)",
				);
				GCC_WARN_64_TO_32_BIT_CONVERSION = YES;
				GCC_WARN_ABOUT_RETURN_TYPE = YES_ERROR;
				GCC_WARN_UNDECLARED_SELECTOR = YES;
				GCC_WARN_UNINITIALIZED_AUTOS = YES_AGGRESSIVE;
				GCC_WARN_UNUSED_FUNCTION = YES;
				GCC_WARN_UNUSED_VARIABLE = YES;
				IPHONEOS_DEPLOYMENT_TARGET = 13.4;
				MTL_ENABLE_DEBUG_INFO = INCLUDE_SOURCE;
				MTL_FAST_MATH = YES;
				ONLY_ACTIVE_ARCH = YES;
				SDKROOT = iphoneos;
				SWIFT_ACTIVE_COMPILATION_CONDITIONS = DEBUG;
				SWIFT_OPTIMIZATION_LEVEL = "-Onone";
			};
			name = Debug;
		};
		03DA488F246D3521004C5530 /* Release */ = {
			isa = XCBuildConfiguration;
			buildSettings = {
				ALWAYS_SEARCH_USER_PATHS = NO;
				CLANG_ANALYZER_NONNULL = YES;
				CLANG_ANALYZER_NUMBER_OBJECT_CONVERSION = YES_AGGRESSIVE;
				CLANG_CXX_LANGUAGE_STANDARD = "gnu++14";
				CLANG_CXX_LIBRARY = "libc++";
				CLANG_ENABLE_MODULES = YES;
				CLANG_ENABLE_OBJC_ARC = YES;
				CLANG_ENABLE_OBJC_WEAK = YES;
				CLANG_WARN_BLOCK_CAPTURE_AUTORELEASING = YES;
				CLANG_WARN_BOOL_CONVERSION = YES;
				CLANG_WARN_COMMA = YES;
				CLANG_WARN_CONSTANT_CONVERSION = YES;
				CLANG_WARN_DEPRECATED_OBJC_IMPLEMENTATIONS = YES;
				CLANG_WARN_DIRECT_OBJC_ISA_USAGE = YES_ERROR;
				CLANG_WARN_DOCUMENTATION_COMMENTS = YES;
				CLANG_WARN_EMPTY_BODY = YES;
				CLANG_WARN_ENUM_CONVERSION = YES;
				CLANG_WARN_INFINITE_RECURSION = YES;
				CLANG_WARN_INT_CONVERSION = YES;
				CLANG_WARN_NON_LITERAL_NULL_CONVERSION = YES;
				CLANG_WARN_OBJC_IMPLICIT_RETAIN_SELF = YES;
				CLANG_WARN_OBJC_LITERAL_CONVERSION = YES;
				CLANG_WARN_OBJC_ROOT_CLASS = YES_ERROR;
				CLANG_WARN_RANGE_LOOP_ANALYSIS = YES;
				CLANG_WARN_STRICT_PROTOTYPES = YES;
				CLANG_WARN_SUSPICIOUS_MOVE = YES;
				CLANG_WARN_UNGUARDED_AVAILABILITY = YES_AGGRESSIVE;
				CLANG_WARN_UNREACHABLE_CODE = YES;
				CLANG_WARN__DUPLICATE_METHOD_MATCH = YES;
				COPY_PHASE_STRIP = NO;
				DEBUG_INFORMATION_FORMAT = "dwarf-with-dsym";
				ENABLE_NS_ASSERTIONS = NO;
				ENABLE_STRICT_OBJC_MSGSEND = YES;
				GCC_C_LANGUAGE_STANDARD = gnu11;
				GCC_NO_COMMON_BLOCKS = YES;
				GCC_WARN_64_TO_32_BIT_CONVERSION = YES;
				GCC_WARN_ABOUT_RETURN_TYPE = YES_ERROR;
				GCC_WARN_UNDECLARED_SELECTOR = YES;
				GCC_WARN_UNINITIALIZED_AUTOS = YES_AGGRESSIVE;
				GCC_WARN_UNUSED_FUNCTION = YES;
				GCC_WARN_UNUSED_VARIABLE = YES;
				IPHONEOS_DEPLOYMENT_TARGET = 13.4;
				MTL_ENABLE_DEBUG_INFO = NO;
				MTL_FAST_MATH = YES;
				SDKROOT = iphoneos;
				SWIFT_COMPILATION_MODE = wholemodule;
				SWIFT_OPTIMIZATION_LEVEL = "-O";
				VALIDATE_PRODUCT = YES;
			};
			name = Release;
		};
		03DA4891246D3521004C5530 /* Debug */ = {
			isa = XCBuildConfiguration;
			buildSettings = {
				ASSETCATALOG_COMPILER_APPICON_NAME = AppIcon;
				CODE_SIGN_STYLE = Automatic;
				DEVELOPMENT_ASSET_PATHS = "\"CoffeeApp/Preview Content\"";
				DEVELOPMENT_TEAM = 3N73KQNNJV;
				ENABLE_PREVIEWS = YES;
				INFOPLIST_FILE = CoffeeApp/Info.plist;
				LD_RUNPATH_SEARCH_PATHS = (
					"$(inherited)",
					"@executable_path/Frameworks",
				);
				PRODUCT_BUNDLE_IDENTIFIER = CoffeeAppTesting;
				PRODUCT_NAME = CoffeeApp;
				SWIFT_VERSION = 5.0;
				TARGETED_DEVICE_FAMILY = "1,2";
			};
			name = Debug;
		};
		03DA4892246D3521004C5530 /* Release */ = {
			isa = XCBuildConfiguration;
			buildSettings = {
				ASSETCATALOG_COMPILER_APPICON_NAME = AppIcon;
				CODE_SIGN_STYLE = Automatic;
				DEVELOPMENT_ASSET_PATHS = "\"CoffeeApp/Preview Content\"";
				DEVELOPMENT_TEAM = 3N73KQNNJV;
				ENABLE_PREVIEWS = YES;
				INFOPLIST_FILE = CoffeeApp/Info.plist;
				LD_RUNPATH_SEARCH_PATHS = (
					"$(inherited)",
					"@executable_path/Frameworks",
				);
				PRODUCT_BUNDLE_IDENTIFIER = CoffeeAppTesting;
				PRODUCT_NAME = CoffeeApp;
				SWIFT_VERSION = 5.0;
				TARGETED_DEVICE_FAMILY = "1,2";
			};
			name = Release;
		};
		03DA4894246D3521004C5530 /* Debug */ = {
			isa = XCBuildConfiguration;
			buildSettings = {
				ALWAYS_EMBED_SWIFT_STANDARD_LIBRARIES = YES;
				BUNDLE_LOADER = "$(TEST_HOST)";
				CODE_SIGN_STYLE = Automatic;
				INFOPLIST_FILE = TestingTests/Info.plist;
				IPHONEOS_DEPLOYMENT_TARGET = 13.4;
				LD_RUNPATH_SEARCH_PATHS = (
					"$(inherited)",
					"@executable_path/Frameworks",
					"@loader_path/Frameworks",
				);
				PRODUCT_BUNDLE_IDENTIFIER = J.TestingTests;
				PRODUCT_NAME = "$(TARGET_NAME)";
				SWIFT_VERSION = 5.0;
				TARGETED_DEVICE_FAMILY = "1,2";
				TEST_HOST = "$(BUILT_PRODUCTS_DIR)/CoffeeApp.app/CoffeeApp";
			};
			name = Debug;
		};
		03DA4895246D3521004C5530 /* Release */ = {
			isa = XCBuildConfiguration;
			buildSettings = {
				ALWAYS_EMBED_SWIFT_STANDARD_LIBRARIES = YES;
				BUNDLE_LOADER = "$(TEST_HOST)";
				CODE_SIGN_STYLE = Automatic;
				INFOPLIST_FILE = TestingTests/Info.plist;
				IPHONEOS_DEPLOYMENT_TARGET = 13.4;
				LD_RUNPATH_SEARCH_PATHS = (
					"$(inherited)",
					"@executable_path/Frameworks",
					"@loader_path/Frameworks",
				);
				PRODUCT_BUNDLE_IDENTIFIER = J.TestingTests;
				PRODUCT_NAME = "$(TARGET_NAME)";
				SWIFT_VERSION = 5.0;
				TARGETED_DEVICE_FAMILY = "1,2";
				TEST_HOST = "$(BUILT_PRODUCTS_DIR)/CoffeeApp.app/CoffeeApp";
			};
			name = Release;
		};
		03DA4897246D3521004C5530 /* Debug */ = {
			isa = XCBuildConfiguration;
			buildSettings = {
				ALWAYS_EMBED_SWIFT_STANDARD_LIBRARIES = YES;
				CODE_SIGN_STYLE = Automatic;
				INFOPLIST_FILE = TestingUITests/Info.plist;
				LD_RUNPATH_SEARCH_PATHS = (
					"$(inherited)",
					"@executable_path/Frameworks",
					"@loader_path/Frameworks",
				);
				PRODUCT_BUNDLE_IDENTIFIER = J.TestingUITests;
				PRODUCT_NAME = "$(TARGET_NAME)";
				SWIFT_VERSION = 5.0;
				TARGETED_DEVICE_FAMILY = "1,2";
				TEST_TARGET_NAME = Testing;
			};
			name = Debug;
		};
		03DA4898246D3521004C5530 /* Release */ = {
			isa = XCBuildConfiguration;
			buildSettings = {
				ALWAYS_EMBED_SWIFT_STANDARD_LIBRARIES = YES;
				CODE_SIGN_STYLE = Automatic;
				INFOPLIST_FILE = TestingUITests/Info.plist;
				LD_RUNPATH_SEARCH_PATHS = (
					"$(inherited)",
					"@executable_path/Frameworks",
					"@loader_path/Frameworks",
				);
				PRODUCT_BUNDLE_IDENTIFIER = J.TestingUITests;
				PRODUCT_NAME = "$(TARGET_NAME)";
				SWIFT_VERSION = 5.0;
				TARGETED_DEVICE_FAMILY = "1,2";
				TEST_TARGET_NAME = Testing;
			};
			name = Release;
		};
/* End XCBuildConfiguration section */

/* Begin XCConfigurationList section */
		03DA4861246D351F004C5530 /* Build configuration list for PBXProject "CoffeeApp" */ = {
			isa = XCConfigurationList;
			buildConfigurations = (
				03DA488E246D3521004C5530 /* Debug */,
				03DA488F246D3521004C5530 /* Release */,
			);
			defaultConfigurationIsVisible = 0;
			defaultConfigurationName = Release;
		};
		03DA4890246D3521004C5530 /* Build configuration list for PBXNativeTarget "CoffeeApp" */ = {
			isa = XCConfigurationList;
			buildConfigurations = (
				03DA4891246D3521004C5530 /* Debug */,
				03DA4892246D3521004C5530 /* Release */,
			);
			defaultConfigurationIsVisible = 0;
			defaultConfigurationName = Release;
		};
		03DA4893246D3521004C5530 /* Build configuration list for PBXNativeTarget "CoffeeAppTests" */ = {
			isa = XCConfigurationList;
			buildConfigurations = (
				03DA4894246D3521004C5530 /* Debug */,
				03DA4895246D3521004C5530 /* Release */,
			);
			defaultConfigurationIsVisible = 0;
			defaultConfigurationName = Release;
		};
		03DA4896246D3521004C5530 /* Build configuration list for PBXNativeTarget "CoffeeAppUITests" */ = {
			isa = XCConfigurationList;
			buildConfigurations = (
				03DA4897246D3521004C5530 /* Debug */,
				03DA4898246D3521004C5530 /* Release */,
			);
			defaultConfigurationIsVisible = 0;
			defaultConfigurationName = Release;
		};
/* End XCConfigurationList section */
	};
	rootObject = 03DA485E246D351F004C5530 /* Project object */;
}
